
Microsoft Visual Studio Solution File, Format Version 12.00
# Visual Studio 14
VisualStudioVersion = 14.0.25420.1
MinimumVisualStudioVersion = 10.0.40219.1
Project("{FAE04EC0-301F-11D3-BF4B-00C04F79EFBC}") = "Client-To-Client", "Client-To-Client\Client-To-Client.csproj", "{30AB1DEA-7A38-4602-B98F-94203E6FD69C}"
EndProject
Global
	GlobalSection(SolutionConfigurationPlatforms) = preSolution
		Debug|Any CPU = Debug|Any CPU
		Release|Any CPU = Release|Any CPU
		Description = asdasdas
	EndGlobalSection
	GlobalSection(ProjectConfigurationPlatforms) = postSolution
		{30AB1DEA-7A38-4602-B98F-94203E6FD69C}.Debug|Any CPU.ActiveCfg = Debug|Any CPU
		{30AB1DEA-7A38-4602-B98F-94203E6FD69C}.Debug|Any CPU.Build.0 = Debug|Any CPU
		{30AB1DEA-7A38-4602-B98F-94203E6FD69C}.Release|Any CPU.ActiveCfg = Release|Any CPU
		{30AB1DEA-7A38-4602-B98F-94203E6FD69C}.Release|Any CPU.Build.0 = Release|Any CPU
	EndGlobalSection
	GlobalSection(SolutionProperties) = preSolution
		HideSolutionNode = FALSE
	EndGlobalSection
EndGlobal
